{
  "name": "touch-up-web",
  "version": "1.0.0",
  "lockfileVersion": 1,
  "requires": true,
  "dependencies": {
    "colors": {
      "version": "1.2.4",
      "resolved": "https://registry.npmjs.org/colors/-/colors-1.2.4.tgz",
      "integrity": "sha512-6Y+iBnWmXL+AWtlOp2Vr6R2w5MUlNJRwR0ShVFaAb1CqWzhPOpQg4L0jxD+xpw/Nc8QJwaq3KM79QUCriY8CWQ==",
      "dev": true
    },
    "commander": {
      "version": "2.15.1",
      "resolved": "https://registry.npmjs.org/commander/-/commander-2.15.1.tgz",
      "integrity": "sha512-VlfT9F3V0v+jr4yxPc5gg9s62/fIVWsd2Bk2iD435um1NlGMYdVCq+MjcXnhYq2icNOizHr1kK+5TI6H0Hy0ag==",
      "dev": true
    },
    "l10n-template": {
      "version": "1.1.0",
      "resolved": "https://registry.npmjs.org/l10n-template/-/l10n-template-1.1.0.tgz",
      "integrity": "sha512-9HUi8jeP1zyNiMkgF3k99/yMKqQ/xVSPzobL3+mmzn3Arff8fA7nN8gUbxBjHpFTmMCZTqeb9V538jHEB043SA==",
      "dev": true,
      "requires": {
        "colors": "1.2.4",
        "commander": "2.15.1"
      }
    }
  }
}
